
Microsoft Visual Studio Solution File, Format Version 12.00
# Visual Studio Version 17
VisualStudioVersion = 17.1.31911.260
MinimumVisualStudioVersion = 10.0.40219.1
Project("{FAE04EC0-301F-11D3-BF4B-00C04F79EFBC}") = "AdventOfCSharp", "AdventOfCSharp\AdventOfCSharp.csproj", "{C05C9CEC-41E3-444F-B959-8D0DD194571C}"
EndProject
Project("{9A19103F-16F7-4668-BE54-9A1E7A4F7556}") = "AdventOfCSharp.Tests", "AdventOfCSharp.Tests\AdventOfCSharp.Tests.csproj", "{514F2D00-AA10-495A-9A8E-2BB939A8A389}"
EndProject
Project("{FAE04EC0-301F-11D3-BF4B-00C04F79EFBC}") = "AdventOfCSharp.ProblemSolutionTests", "AdventOfCSharp.ProblemSolutionTests\AdventOfCSharp.ProblemSolutionTests.csproj", "{4FB168E0-A516-4438-8484-B2B7003ADCA4}"
EndProject
Global
	GlobalSection(SolutionConfigurationPlatforms) = preSolution
		Debug|Any CPU = Debug|Any CPU
		Release|Any CPU = Release|Any CPU
	EndGlobalSection
	GlobalSection(ProjectConfigurationPlatforms) = postSolution
		{C05C9CEC-41E3-444F-B959-8D0DD194571C}.Debug|Any CPU.ActiveCfg = Debug|Any CPU
		{C05C9CEC-41E3-444F-B959-8D0DD194571C}.Debug|Any CPU.Build.0 = Debug|Any CPU
		{C05C9CEC-41E3-444F-B959-8D0DD194571C}.Release|Any CPU.ActiveCfg = Release|Any CPU
		{C05C9CEC-41E3-444F-B959-8D0DD194571C}.Release|Any CPU.Build.0 = Release|Any CPU
		{514F2D00-AA10-495A-9A8E-2BB939A8A389}.Debug|Any CPU.ActiveCfg = Debug|Any CPU
		{514F2D00-AA10-495A-9A8E-2BB939A8A389}.Debug|Any CPU.Build.0 = Debug|Any CPU
		{514F2D00-AA10-495A-9A8E-2BB939A8A389}.Release|Any CPU.ActiveCfg = Release|Any CPU
		{514F2D00-AA10-495A-9A8E-2BB939A8A389}.Release|Any CPU.Build.0 = Release|Any CPU
		{4FB168E0-A516-4438-8484-B2B7003ADCA4}.Debug|Any CPU.ActiveCfg = Debug|Any CPU
		{4FB168E0-A516-4438-8484-B2B7003ADCA4}.Debug|Any CPU.Build.0 = Debug|Any CPU
		{4FB168E0-A516-4438-8484-B2B7003ADCA4}.Release|Any CPU.ActiveCfg = Release|Any CPU
		{4FB168E0-A516-4438-8484-B2B7003ADCA4}.Release|Any CPU.Build.0 = Release|Any CPU
	EndGlobalSection
	GlobalSection(SolutionProperties) = preSolution
		HideSolutionNode = FALSE
	EndGlobalSection
	GlobalSection(ExtensibilityGlobals) = postSolution
		SolutionGuid = {7393CBE9-422C-4245-832E-99F8A0AD23CC}
	EndGlobalSection
EndGlobal
